<?xml version="1.0" encoding="utf-8"?>
<Project ToolsVersion="4.0" xmlns="http://schemas.microsoft.com/developer/msbuild/2003">
  <ItemGroup>
    <ClInclude Include="Components\ComponentsCommon.h">
      <Filter>Components</Filter>
    </ClInclude>
    <ClInclude Include="Components\Entity.h">
      <Filter>Components</Filter>
    </ClInclude>
    <ClInclude Include="Common\CommonHeaders.h">
      <Filter>Common</Filter>
    </ClInclude>
    <ClInclude Include="Common\PrimitiveTypes.h">
      <Filter>Common</Filter>
    </ClInclude>
    <ClInclude Include="Utilities\MathTypes.h">
      <Filter>Common</Filter>
    </ClInclude>
    <ClInclude Include="EngineAPI\TransfromComponent.h">
      <Filter>EngineAPI</Filter>
    </ClInclude>
    <ClInclude Include="EngineAPI\GameEntity.h">
      <Filter>EngineAPI</Filter>
    </ClInclude>
    <ClInclude Include="Components\Transform.h">
      <Filter>Components</Filter>
    </ClInclude>
    <ClInclude Include="Utilities\Utilities.h">
      <Filter>Utilities</Filter>
    </ClInclude>
    <ClInclude Include="Common\Id.h">
      <Filter>Common</Filter>
    </ClInclude>
    <ClInclude Include="Components\Script.h">
      <Filter>Components</Filter>
    </ClInclude>
    <ClInclude Include="EngineAPI\ScriptComponent.h">
      <Filter>EngineAPI</Filter>
    </ClInclude>
    <ClInclude Include="Content\ContentLoader.h" />
    <ClInclude Include="Platform\Window.h" />
    <ClInclude Include="Platform\Platform.h" />
    <ClInclude Include="Platform\PlatformTypes.h" />
    <ClInclude Include="Graphics\Renderer.h" />
    <ClInclude Include="Utilities\Math.h" />
    <ClInclude Include="Graphics\GraphicsPlatformInterface.h" />
    <ClInclude Include="Graphics\Direct3D12\D3D12Interface.h" />
    <ClInclude Include="Graphics\Direct3D12\D3D12Core.h" />
    <ClInclude Include="Graphics\Direct3D12\D3D12CommonHeaders.h" />
  </ItemGroup>
  <ItemGroup>
    <ClCompile Include="Components\Entity.cpp">
      <Filter>Components</Filter>
    </ClCompile>
    <ClCompile Include="Components\Transform.cpp">
      <Filter>Components</Filter>
    </ClCompile>
    <ClCompile Include="Components\Script.cpp">
      <Filter>Components</Filter>
    </ClCompile>
    <ClCompile Include="Core\main.cpp">
      <Filter>Core</Filter>
    </ClCompile>
    <ClCompile Include="Core\Engine.cpp" />
    <ClCompile Include="Content\ContentLoader.cpp" />
    <ClCompile Include="Platform\Platform.cpp" />
    <ClCompile Include="Graphics\Renderer.cpp" />
    <ClCompile Include="Graphics\Direct3D12\D3D12Interface.cpp" />
    <ClCompile Include="Graphics\Direct3D12\D3D12Core.cpp" />
  </ItemGroup>
  <ItemGroup>
    <Filter Include="Common">
      <UniqueIdentifier>{48abe024-cac6-4bfa-a952-a8179103fcc3}</UniqueIdentifier>
    </Filter>
    <Filter Include="Components">
      <UniqueIdentifier>{fe481cd7-1e83-4987-92f2-3477f22487e4}</UniqueIdentifier>
    </Filter>
    <Filter Include="EngineAPI">
      <UniqueIdentifier>{36c00f14-b836-478d-ab5e-922a68cf23b2}</UniqueIdentifier>
    </Filter>
    <Filter Include="Utilities">
      <UniqueIdentifier>{0e129055-49a6-431a-ad20-8f9d07bf12f5}</UniqueIdentifier>
    </Filter>
    <Filter Include="Core">
      <UniqueIdentifier>{be7ce412-53c4-496c-a15c-bec77b2da006}</UniqueIdentifier>
    </Filter>
  </ItemGroup>
</Project>